
Microsoft Visual Studio Solution File, Format Version 11.00
# Visual Studio 2010 Express for Windows Phone
Project("{FAE04EC0-301F-11D3-BF4B-00C04F79EFBC}") = "KawagoeToolkit", "KawagoeToolkit\KawagoeToolkit.csproj", "{0CDD0FA7-D5A1-47F4-B874-9C7FE4CA9257}"
EndProject
Project("{FAE04EC0-301F-11D3-BF4B-00C04F79EFBC}") = "KawagoeCatalog", "KawagoeCatalog\KawagoeCatalog.csproj", "{93013CBB-9984-428F-9835-BD1D56042F78}"
EndProject
Global
	GlobalSection(SolutionConfigurationPlatforms) = preSolution
		Debug|Any CPU = Debug|Any CPU
		Release|Any CPU = Release|Any CPU
	EndGlobalSection
	GlobalSection(ProjectConfigurationPlatforms) = postSolution
		{0CDD0FA7-D5A1-47F4-B874-9C7FE4CA9257}.Debug|Any CPU.ActiveCfg = Debug|Any CPU
		{0CDD0FA7-D5A1-47F4-B874-9C7FE4CA9257}.Debug|Any CPU.Build.0 = Debug|Any CPU
		{0CDD0FA7-D5A1-47F4-B874-9C7FE4CA9257}.Release|Any CPU.ActiveCfg = Release|Any CPU
		{0CDD0FA7-D5A1-47F4-B874-9C7FE4CA9257}.Release|Any CPU.Build.0 = Release|Any CPU
		{93013CBB-9984-428F-9835-BD1D56042F78}.Debug|Any CPU.ActiveCfg = Debug|Any CPU
		{93013CBB-9984-428F-9835-BD1D56042F78}.Debug|Any CPU.Build.0 = Debug|Any CPU
		{93013CBB-9984-428F-9835-BD1D56042F78}.Debug|Any CPU.Deploy.0 = Debug|Any CPU
		{93013CBB-9984-428F-9835-BD1D56042F78}.Release|Any CPU.ActiveCfg = Release|Any CPU
		{93013CBB-9984-428F-9835-BD1D56042F78}.Release|Any CPU.Build.0 = Release|Any CPU
		{93013CBB-9984-428F-9835-BD1D56042F78}.Release|Any CPU.Deploy.0 = Release|Any CPU
	EndGlobalSection
	GlobalSection(SolutionProperties) = preSolution
		HideSolutionNode = FALSE
	EndGlobalSection
EndGlobal
